
Microsoft Visual Studio Solution File, Format Version 12.00
# Visual Studio Version 17
VisualStudioVersion = 17.8.34525.116
MinimumVisualStudioVersion = 10.0.40219.1
Project("{FAE04EC0-301F-11D3-BF4B-00C04F79EFBC}") = "ProjetoMouse", "ProjetoMouse.csproj", "{3D7F7995-6A03-4FBE-9C57-6C42A910CEC8}"
EndProject
Global
	GlobalSection(SolutionConfigurationPlatforms) = preSolution
		Debug|Any CPU = Debug|Any CPU
		Release|Any CPU = Release|Any CPU
	EndGlobalSection
	GlobalSection(ProjectConfigurationPlatforms) = postSolution
		{3D7F7995-6A03-4FBE-9C57-6C42A910CEC8}.Debug|Any CPU.ActiveCfg = Debug|Any CPU
		{3D7F7995-6A03-4FBE-9C57-6C42A910CEC8}.Debug|Any CPU.Build.0 = Debug|Any CPU
		{3D7F7995-6A03-4FBE-9C57-6C42A910CEC8}.Release|Any CPU.ActiveCfg = Release|Any CPU
		{3D7F7995-6A03-4FBE-9C57-6C42A910CEC8}.Release|Any CPU.Build.0 = Release|Any CPU
	EndGlobalSection
	GlobalSection(SolutionProperties) = preSolution
		HideSolutionNode = FALSE
	EndGlobalSection
	GlobalSection(ExtensibilityGlobals) = postSolution
		SolutionGuid = {8CB829DC-2DC3-4BA5-A9BA-B0B34F6D5F6B}
	EndGlobalSection
EndGlobal
