
Microsoft Visual Studio Solution File, Format Version 12.00
# Visual Studio Version 17
VisualStudioVersion = 17.9.34723.18
MinimumVisualStudioVersion = 10.0.40219.1
Project("{FAE04EC0-301F-11D3-BF4B-00C04F79EFBC}") = "Projeto-banco", "Projeto-banco.csproj", "{78F3E322-AFED-4D98-BD7D-E8A1F2B37319}"
EndProject
Global
	GlobalSection(SolutionConfigurationPlatforms) = preSolution
		Debug|Any CPU = Debug|Any CPU
		Release|Any CPU = Release|Any CPU
	EndGlobalSection
	GlobalSection(ProjectConfigurationPlatforms) = postSolution
		{78F3E322-AFED-4D98-BD7D-E8A1F2B37319}.Debug|Any CPU.ActiveCfg = Debug|Any CPU
		{78F3E322-AFED-4D98-BD7D-E8A1F2B37319}.Debug|Any CPU.Build.0 = Debug|Any CPU
		{78F3E322-AFED-4D98-BD7D-E8A1F2B37319}.Release|Any CPU.ActiveCfg = Release|Any CPU
		{78F3E322-AFED-4D98-BD7D-E8A1F2B37319}.Release|Any CPU.Build.0 = Release|Any CPU
	EndGlobalSection
	GlobalSection(SolutionProperties) = preSolution
		HideSolutionNode = FALSE
	EndGlobalSection
	GlobalSection(ExtensibilityGlobals) = postSolution
		SolutionGuid = {C4171579-53D9-4AA0-AF75-B1F42FEA31AA}
	EndGlobalSection
EndGlobal
